
Microsoft Visual Studio Solution File, Format Version 12.00
Project("{FAE04EC0-301F-11D3-BF4B-00C04F79EFBC}") = "PariPlay", "PariPlay\PariPlay.csproj", "{15DB35E5-4E2A-4604-9977-81389F2E4778}"
EndProject
Project("{FAE04EC0-301F-11D3-BF4B-00C04F79EFBC}") = "PariPlayTests", "PariPlayTests\PariPlayTests.csproj", "{470554B8-844F-430F-A15F-63F8C12B0097}"
EndProject
Global
	GlobalSection(SolutionConfigurationPlatforms) = preSolution
		Debug|Any CPU = Debug|Any CPU
		Release|Any CPU = Release|Any CPU
	EndGlobalSection
	GlobalSection(ProjectConfigurationPlatforms) = postSolution
		{15DB35E5-4E2A-4604-9977-81389F2E4778}.Debug|Any CPU.ActiveCfg = Debug|Any CPU
		{15DB35E5-4E2A-4604-9977-81389F2E4778}.Debug|Any CPU.Build.0 = Debug|Any CPU
		{15DB35E5-4E2A-4604-9977-81389F2E4778}.Release|Any CPU.ActiveCfg = Release|Any CPU
		{15DB35E5-4E2A-4604-9977-81389F2E4778}.Release|Any CPU.Build.0 = Release|Any CPU
		{470554B8-844F-430F-A15F-63F8C12B0097}.Debug|Any CPU.ActiveCfg = Debug|Any CPU
		{470554B8-844F-430F-A15F-63F8C12B0097}.Debug|Any CPU.Build.0 = Debug|Any CPU
		{470554B8-844F-430F-A15F-63F8C12B0097}.Release|Any CPU.ActiveCfg = Release|Any CPU
		{470554B8-844F-430F-A15F-63F8C12B0097}.Release|Any CPU.Build.0 = Release|Any CPU
	EndGlobalSection
EndGlobal
